
Microsoft Visual Studio Solution File, Format Version 12.00
# Visual Studio Version 16
VisualStudioVersion = 16.0.29306.81
MinimumVisualStudioVersion = 10.0.40219.1
Project("{FAE04EC0-301F-11D3-BF4B-00C04F79EFBC}") = "Inlämning1", "Inlämning1\Inlämning1.csproj", "{24132EF2-5079-45AF-B37C-3713B63112FB}"
EndProject
Global
	GlobalSection(SolutionConfigurationPlatforms) = preSolution
		Debug|Any CPU = Debug|Any CPU
		Release|Any CPU = Release|Any CPU
	EndGlobalSection
	GlobalSection(ProjectConfigurationPlatforms) = postSolution
		{24132EF2-5079-45AF-B37C-3713B63112FB}.Debug|Any CPU.ActiveCfg = Debug|Any CPU
		{24132EF2-5079-45AF-B37C-3713B63112FB}.Debug|Any CPU.Build.0 = Debug|Any CPU
		{24132EF2-5079-45AF-B37C-3713B63112FB}.Release|Any CPU.ActiveCfg = Release|Any CPU
		{24132EF2-5079-45AF-B37C-3713B63112FB}.Release|Any CPU.Build.0 = Release|Any CPU
	EndGlobalSection
	GlobalSection(SolutionProperties) = preSolution
		HideSolutionNode = FALSE
	EndGlobalSection
	GlobalSection(ExtensibilityGlobals) = postSolution
		SolutionGuid = {1E3E16C9-C8D3-41F5-8E0F-6466DC3E11C5}
	EndGlobalSection
EndGlobal
